<Solution>
  <Project Path="Metrician.App/Metrician.App.csproj" />
  <Project Path="Metrician.Core/Metrician.Core.csproj" Id="8d331141-eebb-4c46-923b-2e22b2733baf" />
  <Project Path="Metrician.Graph/Metrician.Graph.csproj" Id="2de50fb7-9897-4c79-94e8-7b1f4de2ab27" />
  <Project Path="Metrician.Graph.Contracts/Metrician.Graph.Contracts.csproj" />
  <Project Path="Metrician.Renderable.Contracts/Metrician.Renderable.Contracts.csproj" />
  <Project Path="Metrician.Rendering/Metrician.Rendering.csproj" />
  <Project Path="Metrician.Plugins/Metrician.Plugins.csproj" />
  <Project Path="Metrician.Renderables/Metrician.Renderables.csproj" Id="f060a9dc-d2a2-4a7f-b10b-bc1e4acb9419" />
  <Project Path="Metrician.SampleNodes/Metrician.SampleNodes.csproj" />
  <Project Path="Metrician.Script/Metrician.Script.csproj" />
  <Project Path="Metrician.Viewport/Metrician.Viewport.csproj" Id="dc4b3f4c-91e1-4f2f-9fed-cd62b0a5bd43" />
</Solution>
